
Microsoft Visual Studio Solution File, Format Version 12.00
# Visual Studio Version 17
VisualStudioVersion = 17.5.002.0
MinimumVisualStudioVersion = 10.0.40219.1
Project("{9A19103F-16F7-4668-BE54-9A1E7A4F7556}") = "lab-9-maze-part-2-ChrizpyCream", "lab-9-maze-part-2-ChrizpyCream.csproj", "{1C46F1A8-A19D-4FFB-A1C6-33F5AC6539C6}"
EndProject
Global
	GlobalSection(SolutionConfigurationPlatforms) = preSolution
		Debug|Any CPU = Debug|Any CPU
		Release|Any CPU = Release|Any CPU
	EndGlobalSection
	GlobalSection(ProjectConfigurationPlatforms) = postSolution
		{1C46F1A8-A19D-4FFB-A1C6-33F5AC6539C6}.Debug|Any CPU.ActiveCfg = Debug|Any CPU
		{1C46F1A8-A19D-4FFB-A1C6-33F5AC6539C6}.Debug|Any CPU.Build.0 = Debug|Any CPU
		{1C46F1A8-A19D-4FFB-A1C6-33F5AC6539C6}.Release|Any CPU.ActiveCfg = Release|Any CPU
		{1C46F1A8-A19D-4FFB-A1C6-33F5AC6539C6}.Release|Any CPU.Build.0 = Release|Any CPU
	EndGlobalSection
	GlobalSection(SolutionProperties) = preSolution
		HideSolutionNode = FALSE
	EndGlobalSection
	GlobalSection(ExtensibilityGlobals) = postSolution
		SolutionGuid = {C2F9C3DC-4DCE-4802-AC0C-B924EA9B8610}
	EndGlobalSection
EndGlobal
